
Microsoft Visual Studio Solution File, Format Version 12.00
Project("{FAE04EC0-301F-11D3-BF4B-00C04F79EFBC}") = "MmgSlnGen", "MmgSlnGen\MmgSlnGen.csproj", "{27131283-1A41-433B-8523-E2B8C3EC39B9}"
EndProject
Project("{FAE04EC0-301F-11D3-BF4B-00C04F79EFBC}") = "MmgSlnGen.Tests", "MmgSlnGen.Tests\MmgSlnGen.Tests.csproj", "{D7521C28-25F0-4D43-B1BA-84D93B006ABB}"
EndProject
Global
	GlobalSection(SolutionConfigurationPlatforms) = preSolution
		Debug|Any CPU = Debug|Any CPU
		Release|Any CPU = Release|Any CPU
	EndGlobalSection
	GlobalSection(ProjectConfigurationPlatforms) = postSolution
		{27131283-1A41-433B-8523-E2B8C3EC39B9}.Debug|Any CPU.ActiveCfg = Debug|Any CPU
		{27131283-1A41-433B-8523-E2B8C3EC39B9}.Debug|Any CPU.Build.0 = Debug|Any CPU
		{27131283-1A41-433B-8523-E2B8C3EC39B9}.Release|Any CPU.ActiveCfg = Release|Any CPU
		{27131283-1A41-433B-8523-E2B8C3EC39B9}.Release|Any CPU.Build.0 = Release|Any CPU
		{D7521C28-25F0-4D43-B1BA-84D93B006ABB}.Debug|Any CPU.ActiveCfg = Debug|Any CPU
		{D7521C28-25F0-4D43-B1BA-84D93B006ABB}.Debug|Any CPU.Build.0 = Debug|Any CPU
		{D7521C28-25F0-4D43-B1BA-84D93B006ABB}.Release|Any CPU.ActiveCfg = Release|Any CPU
		{D7521C28-25F0-4D43-B1BA-84D93B006ABB}.Release|Any CPU.Build.0 = Release|Any CPU
	EndGlobalSection
EndGlobal
